
Microsoft Visual Studio Solution File, Format Version 12.00
# Visual Studio Version 17
VisualStudioVersion = 17.14.36518.9
MinimumVisualStudioVersion = 10.0.40219.1
Project("{FAE04EC0-301F-11D3-BF4B-00C04F79EFBC}") = "BooksAPIDapper", "BooksAPIDapper\BooksAPIDapper.csproj", "{4BEDB289-F91B-48B7-99A5-B6CC9C6317BB}"
EndProject
Project("{FAE04EC0-301F-11D3-BF4B-00C04F79EFBC}") = "BooksAPIDapper.Tests", "BooksAPIDapper.Tests\BooksAPIDapper.Tests.csproj", "{159B2804-9989-4825-8C2A-CD641A34F227}"
EndProject
Global
	GlobalSection(SolutionConfigurationPlatforms) = preSolution
		Debug|Any CPU = Debug|Any CPU
		Debug|x64 = Debug|x64
		Debug|x86 = Debug|x86
		Release|Any CPU = Release|Any CPU
		Release|x64 = Release|x64
		Release|x86 = Release|x86
	EndGlobalSection
	GlobalSection(ProjectConfigurationPlatforms) = postSolution
		{4BEDB289-F91B-48B7-99A5-B6CC9C6317BB}.Debug|Any CPU.ActiveCfg = Debug|Any CPU
		{4BEDB289-F91B-48B7-99A5-B6CC9C6317BB}.Debug|Any CPU.Build.0 = Debug|Any CPU
		{4BEDB289-F91B-48B7-99A5-B6CC9C6317BB}.Debug|x64.ActiveCfg = Debug|Any CPU
		{4BEDB289-F91B-48B7-99A5-B6CC9C6317BB}.Debug|x64.Build.0 = Debug|Any CPU
		{4BEDB289-F91B-48B7-99A5-B6CC9C6317BB}.Debug|x86.ActiveCfg = Debug|Any CPU
		{4BEDB289-F91B-48B7-99A5-B6CC9C6317BB}.Debug|x86.Build.0 = Debug|Any CPU
		{4BEDB289-F91B-48B7-99A5-B6CC9C6317BB}.Release|Any CPU.ActiveCfg = Release|Any CPU
		{4BEDB289-F91B-48B7-99A5-B6CC9C6317BB}.Release|Any CPU.Build.0 = Release|Any CPU
		{4BEDB289-F91B-48B7-99A5-B6CC9C6317BB}.Release|x64.ActiveCfg = Release|Any CPU
		{4BEDB289-F91B-48B7-99A5-B6CC9C6317BB}.Release|x64.Build.0 = Release|Any CPU
		{4BEDB289-F91B-48B7-99A5-B6CC9C6317BB}.Release|x86.ActiveCfg = Release|Any CPU
		{4BEDB289-F91B-48B7-99A5-B6CC9C6317BB}.Release|x86.Build.0 = Release|Any CPU
		{159B2804-9989-4825-8C2A-CD641A34F227}.Debug|Any CPU.ActiveCfg = Debug|Any CPU
		{159B2804-9989-4825-8C2A-CD641A34F227}.Debug|Any CPU.Build.0 = Debug|Any CPU
		{159B2804-9989-4825-8C2A-CD641A34F227}.Debug|x64.ActiveCfg = Debug|Any CPU
		{159B2804-9989-4825-8C2A-CD641A34F227}.Debug|x64.Build.0 = Debug|Any CPU
		{159B2804-9989-4825-8C2A-CD641A34F227}.Debug|x86.ActiveCfg = Debug|Any CPU
		{159B2804-9989-4825-8C2A-CD641A34F227}.Debug|x86.Build.0 = Debug|Any CPU
		{159B2804-9989-4825-8C2A-CD641A34F227}.Release|Any CPU.ActiveCfg = Release|Any CPU
		{159B2804-9989-4825-8C2A-CD641A34F227}.Release|Any CPU.Build.0 = Release|Any CPU
		{159B2804-9989-4825-8C2A-CD641A34F227}.Release|x64.ActiveCfg = Release|Any CPU
		{159B2804-9989-4825-8C2A-CD641A34F227}.Release|x64.Build.0 = Release|Any CPU
		{159B2804-9989-4825-8C2A-CD641A34F227}.Release|x86.ActiveCfg = Release|Any CPU
		{159B2804-9989-4825-8C2A-CD641A34F227}.Release|x86.Build.0 = Release|Any CPU
	EndGlobalSection
	GlobalSection(SolutionProperties) = preSolution
		HideSolutionNode = FALSE
	EndGlobalSection
	GlobalSection(ExtensibilityGlobals) = postSolution
		SolutionGuid = {ABD97164-D108-439A-A1D8-9AED1538C146}
	EndGlobalSection
EndGlobal
